// !$*UTF8*$!
{
	archiveVersion = 1;
	classes = {
	};
	objectVersion = 50;
	objects = {

/* Begin PBXBuildFile section */
		3DFE861F222B2B2E00CB0727 /* AppDelegate.swift in Sources */ = {isa = PBXBuildFile; fileRef = 3DFE861E222B2B2E00CB0727 /* AppDelegate.swift */; };
		3DFE8621222B2B2E00CB0727 /* ViewController.swift in Sources */ = {isa = PBXBuildFile; fileRef = 3DFE8620222B2B2E00CB0727 /* ViewController.swift */; };
		3DFE8624222B2B2E00CB0727 /* Main.storyboard in Resources */ = {isa = PBXBuildFile; fileRef = 3DFE8622222B2B2E00CB0727 /* Main.storyboard */; };
		3DFE8626222B2B3000CB0727 /* Assets.xcassets in Resources */ = {isa = PBXBuildFile; fileRef = 3DFE8625222B2B3000CB0727 /* Assets.xcassets */; };
		3DFE8629222B2B3000CB0727 /* LaunchScreen.storyboard in Resources */ = {isa = PBXBuildFile; fileRef = 3DFE8627222B2B3000CB0727 /* LaunchScreen.storyboard */; };
		3DFE8634222B2B3000CB0727 /* A_Star_InteractiveTests.swift in Sources */ = {isa = PBXBuildFile; fileRef = 3DFE8633222B2B3000CB0727 /* A_Star_InteractiveTests.swift */; };
/* End PBXBuildFile section */

/* Begin PBXContainerItemProxy section */
		3DFE8630222B2B3000CB0727 /* PBXContainerItemProxy */ = {
			isa = PBXContainerItemProxy;
			containerPortal = 3DFE8613222B2B2E00CB0727 /* Project object */;
			proxyType = 1;
			remoteGlobalIDString = 3DFE861A222B2B2E00CB0727;
			remoteInfo = A_Star_Interactive;
		};
/* End PBXContainerItemProxy section */

/* Begin PBXFileReference section */
		3DFE861B222B2B2E00CB0727 /* A_Star_Interactive.app */ = {isa = PBXFileReference; explicitFileType = wrapper.application; includeInIndex = 0; path = A_Star_Interactive.app; sourceTree = BUILT_PRODUCTS_DIR; };
		3DFE861E222B2B2E00CB0727 /* AppDelegate.swift */ = {isa = PBXFileReference; lastKnownFileType = sourcecode.swift; path = AppDelegate.swift; sourceTree = "<group>"; };
		3DFE8620222B2B2E00CB0727 /* ViewController.swift */ = {isa = PBXFileReference; lastKnownFileType = sourcecode.swift; path = ViewController.swift; sourceTree = "<group>"; };
		3DFE8623222B2B2E00CB0727 /* Base */ = {isa = PBXFileReference; lastKnownFileType = file.storyboard; name = Base; path = Base.lproj/Main.storyboard; sourceTree = "<group>"; };
		3DFE8625222B2B3000CB0727 /* Assets.xcassets */ = {isa = PBXFileReference; lastKnownFileType = folder.assetcatalog; path = Assets.xcassets; sourceTree = "<group>"; };
		3DFE8628222B2B3000CB0727 /* Base */ = {isa = PBXFileReference; lastKnownFileType = file.storyboard; name = Base; path = Base.lproj/LaunchScreen.storyboard; sourceTree = "<group>"; };
		3DFE862A222B2B3000CB0727 /* Info.plist */ = {isa = PBXFileReference; lastKnownFileType = text.plist.xml; path = Info.plist; sourceTree = "<group>"; };
		3DFE862F222B2B3000CB0727 /* A_Star_InteractiveTests.xctest */ = {isa = PBXFileReference; explicitFileType = wrapper.cfbundle; includeInIndex = 0; path = A_Star_InteractiveTests.xctest; sourceTree = BUILT_PRODUCTS_DIR; };
		3DFE8633222B2B3000CB0727 /* A_Star_InteractiveTests.swift */ = {isa = PBXFileReference; lastKnownFileType = sourcecode.swift; path = A_Star_InteractiveTests.swift; sourceTree = "<group>"; };
		3DFE8635222B2B3000CB0727 /* Info.plist */ = {isa = PBXFileReference; lastKnownFileType = text.plist.xml; path = Info.plist; sourceTree = "<group>"; };
/* End PBXFileReference section */

/* Begin PBXFrameworksBuildPhase section */
		3DFE8618222B2B2E00CB0727 /* Frameworks */ = {
			isa = PBXFrameworksBuildPhase;
			buildActionMask = 2147483647;
			files = (
			);
			runOnlyForDeploymentPostprocessing = 0;
		};
		3DFE862C222B2B3000CB0727 /* Frameworks */ = {
			isa = PBXFrameworksBuildPhase;
			buildActionMask = 2147483647;
			files = (
			);
			runOnlyForDeploymentPostprocessing = 0;
		};
/* End PBXFrameworksBuildPhase section */

/* Begin PBXGroup section */
		3DFE8612222B2B2E00CB0727 = {
			isa = PBXGroup;
			children = (
				3DFE861D222B2B2E00CB0727 /* A_Star_Interactive */,
				3DFE8632222B2B3000CB0727 /* A_Star_InteractiveTests */,
				3DFE861C222B2B2E00CB0727 /* Products */,
			);
			sourceTree = "<group>";
		};
		3DFE861C222B2B2E00CB0727 /* Products */ = {
			isa = PBXGroup;
			children = (
				3DFE861B222B2B2E00CB0727 /* A_Star_Interactive.app */,
				3DFE862F222B2B3000CB0727 /* A_Star_InteractiveTests.xctest */,
			);
			name = Products;
			sourceTree = "<group>";
		};
		3DFE861D222B2B2E00CB0727 /* A_Star_Interactive */ = {
			isa = PBXGroup;
			children = (
				3DFE861E222B2B2E00CB0727 /* AppDelegate.swift */,
				3DFE8620222B2B2E00CB0727 /* ViewController.swift */,
				3DFE8622222B2B2E00CB0727 /* Main.storyboard */,
				3DFE8625222B2B3000CB0727 /* Assets.xcassets */,
				3DFE8627222B2B3000CB0727 /* LaunchScreen.storyboard */,
				3DFE862A222B2B3000CB0727 /* Info.plist */,
			);
			path = A_Star_Interactive;
			sourceTree = "<group>";
		};
		3DFE8632222B2B3000CB0727 /* A_Star_InteractiveTests */ = {
			isa = PBXGroup;
			children = (
				3DFE8633222B2B3000CB0727 /* A_Star_InteractiveTests.swift */,
				3DFE8635222B2B3000CB0727 /* Info.plist */,
			);
			path = A_Star_InteractiveTests;
			sourceTree = "<group>";
		};
/* End PBXGroup section */

/* Begin PBXNativeTarget section */
		3DFE861A222B2B2E00CB0727 /* A_Star_Interactive */ = {
			isa = PBXNativeTarget;
			buildConfigurationList = 3DFE8638222B2B3000CB0727 /* Build configuration list for PBXNativeTarget "A_Star_Interactive" */;
			buildPhases = (
				3DFE8617222B2B2E00CB0727 /* Sources */,
				3DFE8618222B2B2E00CB0727 /* Frameworks */,
				3DFE8619222B2B2E00CB0727 /* Resources */,
			);
			buildRules = (
			);
			dependencies = (
			);
			name = A_Star_Interactive;
			productName = A_Star_Interactive;
			productReference = 3DFE861B222B2B2E00CB0727 /* A_Star_Interactive.app */;
			productType = "com.apple.product-type.application";
		};
		3DFE862E222B2B3000CB0727 /* A_Star_InteractiveTests */ = {
			isa = PBXNativeTarget;
			buildConfigurationList = 3DFE863B222B2B3000CB0727 /* Build configuration list for PBXNativeTarget "A_Star_InteractiveTests" */;
			buildPhases = (
				3DFE862B222B2B3000CB0727 /* Sources */,
				3DFE862C222B2B3000CB0727 /* Frameworks */,
				3DFE862D222B2B3000CB0727 /* Resources */,
			);
			buildRules = (
			);
			dependencies = (
				3DFE8631222B2B3000CB0727 /* PBXTargetDependency */,
			);
			name = A_Star_InteractiveTests;
			productName = A_Star_InteractiveTests;
			productReference = 3DFE862F222B2B3000CB0727 /* A_Star_InteractiveTests.xctest */;
			productType = "com.apple.product-type.bundle.unit-test";
		};
/* End PBXNativeTarget section */

/* Begin PBXProject section */
		3DFE8613222B2B2E00CB0727 /* Project object */ = {
			isa = PBXProject;
			attributes = {
				LastSwiftUpdateCheck = 1010;
				LastUpgradeCheck = 1010;
				ORGANIZATIONNAME = "Jan Müller";
				TargetAttributes = {
					3DFE861A222B2B2E00CB0727 = {
						CreatedOnToolsVersion = 10.1;
					};
					3DFE862E222B2B3000CB0727 = {
						CreatedOnToolsVersion = 10.1;
						TestTargetID = 3DFE861A222B2B2E00CB0727;
					};
				};
			};
			buildConfigurationList = 3DFE8616222B2B2E00CB0727 /* Build configuration list for PBXProject "A_Star_Interactive" */;
			compatibilityVersion = "Xcode 9.3";
			developmentRegion = en;
			hasScannedForEncodings = 0;
			knownRegions = (
				en,
				Base,
			);
			mainGroup = 3DFE8612222B2B2E00CB0727;
			productRefGroup = 3DFE861C222B2B2E00CB0727 /* Products */;
			projectDirPath = "";
			projectRoot = "";
			targets = (
				3DFE861A222B2B2E00CB0727 /* A_Star_Interactive */,
				3DFE862E222B2B3000CB0727 /* A_Star_InteractiveTests */,
			);
		};
/* End PBXProject section */

/* Begin PBXResourcesBuildPhase section */
		3DFE8619222B2B2E00CB0727 /* Resources */ = {
			isa = PBXResourcesBuildPhase;
			buildActionMask = 2147483647;
			files = (
				3DFE8629222B2B3000CB0727 /* LaunchScreen.storyboard in Resources */,
				3DFE8626222B2B3000CB0727 /* Assets.xcassets in Resources */,
				3DFE8624222B2B2E00CB0727 /* Main.storyboard in Resources */,
			);
			runOnlyForDeploymentPostprocessing = 0;
		};
		3DFE862D222B2B3000CB0727 /* Resources */ = {
			isa = PBXResourcesBuildPhase;
			buildActionMask = 2147483647;
			files = (
			);
			runOnlyForDeploymentPostprocessing = 0;
		};
/* End PBXResourcesBuildPhase section */

/* Begin PBXSourcesBuildPhase section */
		3DFE8617222B2B2E00CB0727 /* Sources */ = {
			isa = PBXSourcesBuildPhase;
			buildActionMask = 2147483647;
			files = (
				3DFE8621222B2B2E00CB0727 /* ViewController.swift in Sources */,
				3DFE861F222B2B2E00CB0727 /* AppDelegate.swift in Sources */,
			);
			runOnlyForDeploymentPostprocessing = 0;
		};
		3DFE862B222B2B3000CB0727 /* Sources */ = {
			isa = PBXSourcesBuildPhase;
			buildActionMask = 2147483647;
			files = (
				3DFE8634222B2B3000CB0727 /* A_Star_InteractiveTests.swift in Sources */,
			);
			runOnlyForDeploymentPostprocessing = 0;
		};
/* End PBXSourcesBuildPhase section */

/* Begin PBXTargetDependency section */
		3DFE8631222B2B3000CB0727 /* PBXTargetDependency */ = {
			isa = PBXTargetDependency;
			target = 3DFE861A222B2B2E00CB0727 /* A_Star_Interactive */;
			targetProxy = 3DFE8630222B2B3000CB0727 /* PBXContainerItemProxy */;
		};
/* End PBXTargetDependency section */

/* Begin PBXVariantGroup section */
		3DFE8622222B2B2E00CB0727 /* Main.storyboard */ = {
			isa = PBXVariantGroup;
			children = (
				3DFE8623222B2B2E00CB0727 /* Base */,
			);
			name = Main.storyboard;
			sourceTree = "<group>";
		};
		3DFE8627222B2B3000CB0727 /* LaunchScreen.storyboard */ = {
			isa = PBXVariantGroup;
			children = (
				3DFE8628222B2B3000CB0727 /* Base */,
			);
			name = LaunchScreen.storyboard;
			sourceTree = "<group>";
		};
/* End PBXVariantGroup section */

/* Begin XCBuildConfiguration section */
		3DFE8636222B2B3000CB0727 /* Debug */ = {
			isa = XCBuildConfiguration;
			buildSettings = {
				ALWAYS_SEARCH_USER_PATHS = NO;
				CLANG_ANALYZER_NONNULL = YES;
				CLANG_ANALYZER_NUMBER_OBJECT_CONVERSION = YES_AGGRESSIVE;
				CLANG_CXX_LANGUAGE_STANDARD = "gnu++14";
				CLANG_CXX_LIBRARY = "libc++";
				CLANG_ENABLE_MODULES = YES;
				CLANG_ENABLE_OBJC_ARC = YES;
				CLANG_ENABLE_OBJC_WEAK = YES;
				CLANG_WARN_BLOCK_CAPTURE_AUTORELEASING = YES;
				CLANG_WARN_BOOL_CONVERSION = YES;
				CLANG_WARN_COMMA = YES;
				CLANG_WARN_CONSTANT_CONVERSION = YES;
				CLANG_WARN_DEPRECATED_OBJC_IMPLEMENTATIONS = YES;
				CLANG_WARN_DIRECT_OBJC_ISA_USAGE = YES_ERROR;
				CLANG_WARN_DOCUMENTATION_COMMENTS = YES;
				CLANG_WARN_EMPTY_BODY = YES;
				CLANG_WARN_ENUM_CONVERSION = YES;
				CLANG_WARN_INFINITE_RECURSION = YES;
				CLANG_WARN_INT_CONVERSION = YES;
				CLANG_WARN_NON_LITERAL_NULL_CONVERSION = YES;
				CLANG_WARN_OBJC_IMPLICIT_RETAIN_SELF = YES;
				CLANG_WARN_OBJC_LITERAL_CONVERSION = YES;
				CLANG_WARN_OBJC_ROOT_CLASS = YES_ERROR;
				CLANG_WARN_RANGE_LOOP_ANALYSIS = YES;
				CLANG_WARN_STRICT_PROTOTYPES = YES;
				CLANG_WARN_SUSPICIOUS_MOVE = YES;
				CLANG_WARN_UNGUARDED_AVAILABILITY = YES_AGGRESSIVE;
				CLANG_WARN_UNREACHABLE_CODE = YES;
				CLANG_WARN__DUPLICATE_METHOD_MATCH = YES;
				CODE_SIGN_IDENTITY = "iPhone Developer";
				COPY_PHASE_STRIP = NO;
				DEBUG_INFORMATION_FORMAT = dwarf;
				ENABLE_STRICT_OBJC_MSGSEND = YES;
				ENABLE_TESTABILITY = YES;
				GCC_C_LANGUAGE_STANDARD = gnu11;
				GCC_DYNAMIC_NO_PIC = NO;
				GCC_NO_COMMON_BLOCKS = YES;
				GCC_OPTIMIZATION_LEVEL = 0;
				GCC_PREPROCESSOR_DEFINITIONS = (
					"DEBUG=1",
					"$(inherited)",
				);
				GCC_WARN_64_TO_32_BIT_CONVERSION = YES;
				GCC_WARN_ABOUT_RETURN_TYPE = YES_ERROR;
				GCC_WARN_UNDECLARED_SELECTOR = YES;
				GCC_WARN_UNINITIALIZED_AUTOS = YES_AGGRESSIVE;
				GCC_WARN_UNUSED_FUNCTION = YES;
				GCC_WARN_UNUSED_VARIABLE = YES;
				IPHONEOS_DEPLOYMENT_TARGET = 12.1;
				MTL_ENABLE_DEBUG_INFO = INCLUDE_SOURCE;
				MTL_FAST_MATH = YES;
				ONLY_ACTIVE_ARCH = YES;
				SDKROOT = iphoneos;
				SWIFT_ACTIVE_COMPILATION_CONDITIONS = DEBUG;
				SWIFT_OPTIMIZATION_LEVEL = "-Onone";
			};
			name = Debug;
		};
		3DFE8637222B2B3000CB0727 /* Release */ = {
			isa = XCBuildConfiguration;
			buildSettings = {
				ALWAYS_SEARCH_USER_PATHS = NO;
				CLANG_ANALYZER_NONNULL = YES;
				CLANG_ANALYZER_NUMBER_OBJECT_CONVERSION = YES_AGGRESSIVE;
				CLANG_CXX_LANGUAGE_STANDARD = "gnu++14";
				CLANG_CXX_LIBRARY = "libc++";
				CLANG_ENABLE_MODULES = YES;
				CLANG_ENABLE_OBJC_ARC = YES;
				CLANG_ENABLE_OBJC_WEAK = YES;
				CLANG_WARN_BLOCK_CAPTURE_AUTORELEASING = YES;
				CLANG_WARN_BOOL_CONVERSION = YES;
				CLANG_WARN_COMMA = YES;
				CLANG_WARN_CONSTANT_CONVERSION = YES;
				CLANG_WARN_DEPRECATED_OBJC_IMPLEMENTATIONS = YES;
				CLANG_WARN_DIRECT_OBJC_ISA_USAGE = YES_ERROR;
				CLANG_WARN_DOCUMENTATION_COMMENTS = YES;
				CLANG_WARN_EMPTY_BODY = YES;
				CLANG_WARN_ENUM_CONVERSION = YES;
				CLANG_WARN_INFINITE_RECURSION = YES;
				CLANG_WARN_INT_CONVERSION = YES;
				CLANG_WARN_NON_LITERAL_NULL_CONVERSION = YES;
				CLANG_WARN_OBJC_IMPLICIT_RETAIN_SELF = YES;
				CLANG_WARN_OBJC_LITERAL_CONVERSION = YES;
				CLANG_WARN_OBJC_ROOT_CLASS = YES_ERROR;
				CLANG_WARN_RANGE_LOOP_ANALYSIS = YES;
				CLANG_WARN_STRICT_PROTOTYPES = YES;
				CLANG_WARN_SUSPICIOUS_MOVE = YES;
				CLANG_WARN_UNGUARDED_AVAILABILITY = YES_AGGRESSIVE;
				CLANG_WARN_UNREACHABLE_CODE = YES;
				CLANG_WARN__DUPLICATE_METHOD_MATCH = YES;
				CODE_SIGN_IDENTITY = "iPhone Developer";
				COPY_PHASE_STRIP = NO;
				DEBUG_INFORMATION_FORMAT = "dwarf-with-dsym";
				ENABLE_NS_ASSERTIONS = NO;
				ENABLE_STRICT_OBJC_MSGSEND = YES;
				GCC_C_LANGUAGE_STANDARD = gnu11;
				GCC_NO_COMMON_BLOCKS = YES;
				GCC_WARN_64_TO_32_BIT_CONVERSION = YES;
				GCC_WARN_ABOUT_RETURN_TYPE = YES_ERROR;
				GCC_WARN_UNDECLARED_SELECTOR = YES;
				GCC_WARN_UNINITIALIZED_AUTOS = YES_AGGRESSIVE;
				GCC_WARN_UNUSED_FUNCTION = YES;
				GCC_WARN_UNUSED_VARIABLE = YES;
				IPHONEOS_DEPLOYMENT_TARGET = 12.1;
				MTL_ENABLE_DEBUG_INFO = NO;
				MTL_FAST_MATH = YES;
				SDKROOT = iphoneos;
				SWIFT_COMPILATION_MODE = wholemodule;
				SWIFT_OPTIMIZATION_LEVEL = "-O";
				VALIDATE_PRODUCT = YES;
			};
			name = Release;
		};
		3DFE8639222B2B3000CB0727 /* Debug */ = {
			isa = XCBuildConfiguration;
			buildSettings = {
				ASSETCATALOG_COMPILER_APPICON_NAME = AppIcon;
				CODE_SIGN_STYLE = Automatic;
				DEVELOPMENT_TEAM = U7L2V6DMAF;
				INFOPLIST_FILE = A_Star_Interactive/Info.plist;
				LD_RUNPATH_SEARCH_PATHS = (
					"$(inherited)",
					"@executable_path/Frameworks",
				);
				PRODUCT_BUNDLE_IDENTIFIER = "com.ferretCodez.A-Star-Interactive";
				PRODUCT_NAME = "$(TARGET_NAME)";
				SWIFT_VERSION = 4.2;
				TARGETED_DEVICE_FAMILY = "1,2";
			};
			name = Debug;
		};
		3DFE863A222B2B3000CB0727 /* Release */ = {
			isa = XCBuildConfiguration;
			buildSettings = {
				ASSETCATALOG_COMPILER_APPICON_NAME = AppIcon;
				CODE_SIGN_STYLE = Automatic;
				DEVELOPMENT_TEAM = U7L2V6DMAF;
				INFOPLIST_FILE = A_Star_Interactive/Info.plist;
				LD_RUNPATH_SEARCH_PATHS = (
					"$(inherited)",
					"@executable_path/Frameworks",
				);
				PRODUCT_BUNDLE_IDENTIFIER = "com.ferretCodez.A-Star-Interactive";
				PRODUCT_NAME = "$(TARGET_NAME)";
				SWIFT_VERSION = 4.2;
				TARGETED_DEVICE_FAMILY = "1,2";
			};
			name = Release;
		};
		3DFE863C222B2B3000CB0727 /* Debug */ = {
			isa = XCBuildConfiguration;
			buildSettings = {
				ALWAYS_EMBED_SWIFT_STANDARD_LIBRARIES = YES;
				BUNDLE_LOADER = "$(TEST_HOST)";
				CODE_SIGN_STYLE = Automatic;
				DEVELOPMENT_TEAM = U7L2V6DMAF;
				INFOPLIST_FILE = A_Star_InteractiveTests/Info.plist;
				LD_RUNPATH_SEARCH_PATHS = (
					"$(inherited)",
					"@executable_path/Frameworks",
					"@loader_path/Frameworks",
				);
				PRODUCT_BUNDLE_IDENTIFIER = "com.ferretCodez.A-Star-InteractiveTests";
				PRODUCT_NAME = "$(TARGET_NAME)";
				SWIFT_VERSION = 4.2;
				TARGETED_DEVICE_FAMILY = "1,2";
				TEST_HOST = "$(BUILT_PRODUCTS_DIR)/A_Star_Interactive.app/A_Star_Interactive";
			};
			name = Debug;
		};
		3DFE863D222B2B3000CB0727 /* Release */ = {
			isa = XCBuildConfiguration;
			buildSettings = {
				ALWAYS_EMBED_SWIFT_STANDARD_LIBRARIES = YES;
				BUNDLE_LOADER = "$(TEST_HOST)";
				CODE_SIGN_STYLE = Automatic;
				DEVELOPMENT_TEAM = U7L2V6DMAF;
				INFOPLIST_FILE = A_Star_InteractiveTests/Info.plist;
				LD_RUNPATH_SEARCH_PATHS = (
					"$(inherited)",
					"@executable_path/Frameworks",
					"@loader_path/Frameworks",
				);
				PRODUCT_BUNDLE_IDENTIFIER = "com.ferretCodez.A-Star-InteractiveTests";
				PRODUCT_NAME = "$(TARGET_NAME)";
				SWIFT_VERSION = 4.2;
				TARGETED_DEVICE_FAMILY = "1,2";
				TEST_HOST = "$(BUILT_PRODUCTS_DIR)/A_Star_Interactive.app/A_Star_Interactive";
			};
			name = Release;
		};
/* End XCBuildConfiguration section */

/* Begin XCConfigurationList section */
		3DFE8616222B2B2E00CB0727 /* Build configuration list for PBXProject "A_Star_Interactive" */ = {
			isa = XCConfigurationList;
			buildConfigurations = (
				3DFE8636222B2B3000CB0727 /* Debug */,
				3DFE8637222B2B3000CB0727 /* Release */,
			);
			defaultConfigurationIsVisible = 0;
			defaultConfigurationName = Release;
		};
		3DFE8638222B2B3000CB0727 /* Build configuration list for PBXNativeTarget "A_Star_Interactive" */ = {
			isa = XCConfigurationList;
			buildConfigurations = (
				3DFE8639222B2B3000CB0727 /* Debug */,
				3DFE863A222B2B3000CB0727 /* Release */,
			);
			defaultConfigurationIsVisible = 0;
			defaultConfigurationName = Release;
		};
		3DFE863B222B2B3000CB0727 /* Build configuration list for PBXNativeTarget "A_Star_InteractiveTests" */ = {
			isa = XCConfigurationList;
			buildConfigurations = (
				3DFE863C222B2B3000CB0727 /* Debug */,
				3DFE863D222B2B3000CB0727 /* Release */,
			);
			defaultConfigurationIsVisible = 0;
			defaultConfigurationName = Release;
		};
/* End XCConfigurationList section */
	};
	rootObject = 3DFE8613222B2B2E00CB0727 /* Project object */;
}
